
Microsoft Visual Studio Solution File, Format Version 12.00
# Visual Studio 2015
Project("{FAE04EC0-301F-11D3-BF4B-00C04F79EFBC}") = "Kinect_Project.CSharp.Plugins", "Kinect_Project.CSharp.Plugins.csproj", "{66087717-F4A3-22DD-D2B8-A7B062815DDA}"
EndProject
Project("{FAE04EC0-301F-11D3-BF4B-00C04F79EFBC}") = "Kinect_Project.CSharp", "Kinect_Project.CSharp.csproj", "{ADD54767-B44F-6CF9-972F-CA82F4F77BCE}"
EndProject
Project("{FAE04EC0-301F-11D3-BF4B-00C04F79EFBC}") = "Kinect_Project.CSharp.Editor.Plugins", "Kinect_Project.CSharp.Editor.Plugins.csproj", "{B513DE56-9BB3-A6A0-76AE-E51A09DCF57C}"
EndProject
Global
	GlobalSection(SolutionConfigurationPlatforms) = preSolution
		Debug|Any CPU = Debug|Any CPU
		Release|Any CPU = Release|Any CPU
	EndGlobalSection
	GlobalSection(ProjectConfigurationPlatforms) = postSolution
		{66087717-F4A3-22DD-D2B8-A7B062815DDA}.Debug|Any CPU.ActiveCfg = Debug|Any CPU
		{66087717-F4A3-22DD-D2B8-A7B062815DDA}.Debug|Any CPU.Build.0 = Debug|Any CPU
		{66087717-F4A3-22DD-D2B8-A7B062815DDA}.Release|Any CPU.ActiveCfg = Release|Any CPU
		{66087717-F4A3-22DD-D2B8-A7B062815DDA}.Release|Any CPU.Build.0 = Release|Any CPU
		{ADD54767-B44F-6CF9-972F-CA82F4F77BCE}.Debug|Any CPU.ActiveCfg = Debug|Any CPU
		{ADD54767-B44F-6CF9-972F-CA82F4F77BCE}.Debug|Any CPU.Build.0 = Debug|Any CPU
		{ADD54767-B44F-6CF9-972F-CA82F4F77BCE}.Release|Any CPU.ActiveCfg = Release|Any CPU
		{ADD54767-B44F-6CF9-972F-CA82F4F77BCE}.Release|Any CPU.Build.0 = Release|Any CPU
		{B513DE56-9BB3-A6A0-76AE-E51A09DCF57C}.Debug|Any CPU.ActiveCfg = Debug|Any CPU
		{B513DE56-9BB3-A6A0-76AE-E51A09DCF57C}.Debug|Any CPU.Build.0 = Debug|Any CPU
		{B513DE56-9BB3-A6A0-76AE-E51A09DCF57C}.Release|Any CPU.ActiveCfg = Release|Any CPU
		{B513DE56-9BB3-A6A0-76AE-E51A09DCF57C}.Release|Any CPU.Build.0 = Release|Any CPU
	EndGlobalSection
	GlobalSection(SolutionProperties) = preSolution
		HideSolutionNode = FALSE
	EndGlobalSection
EndGlobal
